
Microsoft Visual Studio Solution File, Format Version 12.00
# Visual Studio Version 17
VisualStudioVersion = 17.0.32112.339
MinimumVisualStudioVersion = 10.0.40219.1
Project("{FAE04EC0-301F-11D3-BF4B-00C04F79EFBC}") = "MVCWithEntityFramework", "MVCWithEntityFramework\MVCWithEntityFramework.csproj", "{AE4910D7-1F58-43BF-B781-A869060C92F0}"
EndProject
Global
	GlobalSection(SolutionConfigurationPlatforms) = preSolution
		Debug|Any CPU = Debug|Any CPU
		Release|Any CPU = Release|Any CPU
	EndGlobalSection
	GlobalSection(ProjectConfigurationPlatforms) = postSolution
		{AE4910D7-1F58-43BF-B781-A869060C92F0}.Debug|Any CPU.ActiveCfg = Debug|Any CPU
		{AE4910D7-1F58-43BF-B781-A869060C92F0}.Debug|Any CPU.Build.0 = Debug|Any CPU
		{AE4910D7-1F58-43BF-B781-A869060C92F0}.Release|Any CPU.ActiveCfg = Release|Any CPU
		{AE4910D7-1F58-43BF-B781-A869060C92F0}.Release|Any CPU.Build.0 = Release|Any CPU
	EndGlobalSection
	GlobalSection(SolutionProperties) = preSolution
		HideSolutionNode = FALSE
	EndGlobalSection
	GlobalSection(ExtensibilityGlobals) = postSolution
		SolutionGuid = {46447E40-BB04-479B-BB82-F87EC2C44869}
	EndGlobalSection
EndGlobal
